
Microsoft Visual Studio Solution File, Format Version 12.00
Project("{2150E333-8FDC-42A3-9474-1A3956D46DE8}") = "2025-22-05", "2025-22-05", "{543D11E2-B8B2-435C-92FF-1FAF90090427}"
EndProject
Project("{FAE04EC0-301F-11D3-BF4B-00C04F79EFBC}") = "TestProject", "TestProject\TestProject.csproj", "{7BC47C73-41D5-4CFB-BEB1-DBF839102D21}"
EndProject
Project("{FAE04EC0-301F-11D3-BF4B-00C04F79EFBC}") = "ToDoApp", "ToDoApp\ToDoApp.csproj", "{FB6D90C5-4B51-4965-B7FA-2523D54D5E37}"
EndProject
Global
	GlobalSection(SolutionConfigurationPlatforms) = preSolution
		Debug|Any CPU = Debug|Any CPU
		Release|Any CPU = Release|Any CPU
	EndGlobalSection
	GlobalSection(NestedProjects) = preSolution
		{7BC47C73-41D5-4CFB-BEB1-DBF839102D21} = {543D11E2-B8B2-435C-92FF-1FAF90090427}
		{FB6D90C5-4B51-4965-B7FA-2523D54D5E37} = {543D11E2-B8B2-435C-92FF-1FAF90090427}
	EndGlobalSection
	GlobalSection(ProjectConfigurationPlatforms) = postSolution
		{7BC47C73-41D5-4CFB-BEB1-DBF839102D21}.Debug|Any CPU.ActiveCfg = Debug|Any CPU
		{7BC47C73-41D5-4CFB-BEB1-DBF839102D21}.Debug|Any CPU.Build.0 = Debug|Any CPU
		{7BC47C73-41D5-4CFB-BEB1-DBF839102D21}.Release|Any CPU.ActiveCfg = Release|Any CPU
		{7BC47C73-41D5-4CFB-BEB1-DBF839102D21}.Release|Any CPU.Build.0 = Release|Any CPU
		{FB6D90C5-4B51-4965-B7FA-2523D54D5E37}.Debug|Any CPU.ActiveCfg = Debug|Any CPU
		{FB6D90C5-4B51-4965-B7FA-2523D54D5E37}.Debug|Any CPU.Build.0 = Debug|Any CPU
		{FB6D90C5-4B51-4965-B7FA-2523D54D5E37}.Release|Any CPU.ActiveCfg = Release|Any CPU
		{FB6D90C5-4B51-4965-B7FA-2523D54D5E37}.Release|Any CPU.Build.0 = Release|Any CPU
	EndGlobalSection
EndGlobal
