
Microsoft Visual Studio Solution File, Format Version 12.00
Project("{2150E333-8FDC-42A3-9474-1A3956D46DE8}") = "2025-05-22", "2025-05-22", "{543D11E2-B8B2-435C-92FF-1FAF90090427}"
EndProject
Project("{FAE04EC0-301F-11D3-BF4B-00C04F79EFBC}") = "TestProject", "TestProject\TestProject.csproj", "{7BC47C73-41D5-4CFB-BEB1-DBF839102D21}"
EndProject
Project("{FAE04EC0-301F-11D3-BF4B-00C04F79EFBC}") = "ToDoApp", "ToDoApp\ToDoApp.csproj", "{FB6D90C5-4B51-4965-B7FA-2523D54D5E37}"
EndProject
Project("{FAE04EC0-301F-11D3-BF4B-00C04F79EFBC}") = "EmpytProject", "EmpytProject\EmpytProject.csproj", "{653EFA4D-FBBE-4D30-B255-A39F4A422B4A}"
EndProject
Project("{FAE04EC0-301F-11D3-BF4B-00C04F79EFBC}") = "ASPEmptyMVC", "ASPEmptyMVC\ASPEmptyMVC.csproj", "{80AE5230-0E13-40FE-9CD7-8E0C7572CAA5}"
EndProject
Project("{2150E333-8FDC-42A3-9474-1A3956D46DE8}") = "2025-05-23", "2025-05-23", "{384808D1-B996-4ABB-B78C-568874ECE739}"
EndProject
Project("{FAE04EC0-301F-11D3-BF4B-00C04F79EFBC}") = "NewsApp", "NewsApp\NewsApp.csproj", "{09F46133-39D1-4E26-A47D-503AC4826179}"
EndProject
Project("{2150E333-8FDC-42A3-9474-1A3956D46DE8}") = "2025-05-26", "2025-05-26", "{DF78089C-CC3A-416A-B81A-CA7FD0913663}"
EndProject
Project("{2150E333-8FDC-42A3-9474-1A3956D46DE8}") = "2025-05-27", "2025-05-27", "{56B0027D-45FA-447E-A49F-05CB7DDC1F12}"
EndProject
Project("{FAE04EC0-301F-11D3-BF4B-00C04F79EFBC}") = "ProjektKunde", "ProjektKunde\ProjektKunde.csproj", "{87197E19-C31E-4384-9A2C-9E4B772CFB03}"
EndProject
Project("{2150E333-8FDC-42A3-9474-1A3956D46DE8}") = "2025-06-02", "2025-06-02", "{6A0E28E5-A29A-47F2-AF0C-96AE93E2D7BA}"
EndProject
Project("{FAE04EC0-301F-11D3-BF4B-00C04F79EFBC}") = "Patienten", "Patienten\Patienten.csproj", "{583E9200-81AA-4957-982A-B86597FEC54D}"
EndProject
Global
	GlobalSection(SolutionConfigurationPlatforms) = preSolution
		Debug|Any CPU = Debug|Any CPU
		Release|Any CPU = Release|Any CPU
	EndGlobalSection
	GlobalSection(NestedProjects) = preSolution
		{7BC47C73-41D5-4CFB-BEB1-DBF839102D21} = {543D11E2-B8B2-435C-92FF-1FAF90090427}
		{FB6D90C5-4B51-4965-B7FA-2523D54D5E37} = {543D11E2-B8B2-435C-92FF-1FAF90090427}
		{80AE5230-0E13-40FE-9CD7-8E0C7572CAA5} = {384808D1-B996-4ABB-B78C-568874ECE739}
		{653EFA4D-FBBE-4D30-B255-A39F4A422B4A} = {384808D1-B996-4ABB-B78C-568874ECE739}
		{09F46133-39D1-4E26-A47D-503AC4826179} = {DF78089C-CC3A-416A-B81A-CA7FD0913663}
		{87197E19-C31E-4384-9A2C-9E4B772CFB03} = {56B0027D-45FA-447E-A49F-05CB7DDC1F12}
		{583E9200-81AA-4957-982A-B86597FEC54D} = {6A0E28E5-A29A-47F2-AF0C-96AE93E2D7BA}
	EndGlobalSection
	GlobalSection(ProjectConfigurationPlatforms) = postSolution
		{7BC47C73-41D5-4CFB-BEB1-DBF839102D21}.Debug|Any CPU.ActiveCfg = Debug|Any CPU
		{7BC47C73-41D5-4CFB-BEB1-DBF839102D21}.Debug|Any CPU.Build.0 = Debug|Any CPU
		{7BC47C73-41D5-4CFB-BEB1-DBF839102D21}.Release|Any CPU.ActiveCfg = Release|Any CPU
		{7BC47C73-41D5-4CFB-BEB1-DBF839102D21}.Release|Any CPU.Build.0 = Release|Any CPU
		{FB6D90C5-4B51-4965-B7FA-2523D54D5E37}.Debug|Any CPU.ActiveCfg = Debug|Any CPU
		{FB6D90C5-4B51-4965-B7FA-2523D54D5E37}.Debug|Any CPU.Build.0 = Debug|Any CPU
		{FB6D90C5-4B51-4965-B7FA-2523D54D5E37}.Release|Any CPU.ActiveCfg = Release|Any CPU
		{FB6D90C5-4B51-4965-B7FA-2523D54D5E37}.Release|Any CPU.Build.0 = Release|Any CPU
		{653EFA4D-FBBE-4D30-B255-A39F4A422B4A}.Debug|Any CPU.ActiveCfg = Debug|Any CPU
		{653EFA4D-FBBE-4D30-B255-A39F4A422B4A}.Debug|Any CPU.Build.0 = Debug|Any CPU
		{653EFA4D-FBBE-4D30-B255-A39F4A422B4A}.Release|Any CPU.ActiveCfg = Release|Any CPU
		{653EFA4D-FBBE-4D30-B255-A39F4A422B4A}.Release|Any CPU.Build.0 = Release|Any CPU
		{80AE5230-0E13-40FE-9CD7-8E0C7572CAA5}.Debug|Any CPU.ActiveCfg = Debug|Any CPU
		{80AE5230-0E13-40FE-9CD7-8E0C7572CAA5}.Debug|Any CPU.Build.0 = Debug|Any CPU
		{80AE5230-0E13-40FE-9CD7-8E0C7572CAA5}.Release|Any CPU.ActiveCfg = Release|Any CPU
		{80AE5230-0E13-40FE-9CD7-8E0C7572CAA5}.Release|Any CPU.Build.0 = Release|Any CPU
		{09F46133-39D1-4E26-A47D-503AC4826179}.Debug|Any CPU.ActiveCfg = Debug|Any CPU
		{09F46133-39D1-4E26-A47D-503AC4826179}.Debug|Any CPU.Build.0 = Debug|Any CPU
		{09F46133-39D1-4E26-A47D-503AC4826179}.Release|Any CPU.ActiveCfg = Release|Any CPU
		{09F46133-39D1-4E26-A47D-503AC4826179}.Release|Any CPU.Build.0 = Release|Any CPU
		{87197E19-C31E-4384-9A2C-9E4B772CFB03}.Debug|Any CPU.ActiveCfg = Debug|Any CPU
		{87197E19-C31E-4384-9A2C-9E4B772CFB03}.Debug|Any CPU.Build.0 = Debug|Any CPU
		{87197E19-C31E-4384-9A2C-9E4B772CFB03}.Release|Any CPU.ActiveCfg = Release|Any CPU
		{87197E19-C31E-4384-9A2C-9E4B772CFB03}.Release|Any CPU.Build.0 = Release|Any CPU
		{583E9200-81AA-4957-982A-B86597FEC54D}.Debug|Any CPU.ActiveCfg = Debug|Any CPU
		{583E9200-81AA-4957-982A-B86597FEC54D}.Debug|Any CPU.Build.0 = Debug|Any CPU
		{583E9200-81AA-4957-982A-B86597FEC54D}.Release|Any CPU.ActiveCfg = Release|Any CPU
		{583E9200-81AA-4957-982A-B86597FEC54D}.Release|Any CPU.Build.0 = Release|Any CPU
	EndGlobalSection
EndGlobal
